// !$*UTF8*$!
{
	archiveVersion = 1;
	classes = {
	};
	objectVersion = 51;
	objects = {

/* Begin PBXBuildFile section */
		4239AA049346FAE12C90C217 /* Pods_ProjectH.framework in Frameworks */ = {isa = PBXBuildFile; fileRef = D2507ACA5EDE01020DB8079C /* Pods_ProjectH.framework */; };
		FD10975F25F7477400C015BF /* AppDelegate.swift in Sources */ = {isa = PBXBuildFile; fileRef = FD10975E25F7477400C015BF /* AppDelegate.swift */; };
		FD10976325F7477400C015BF /* ViewController.swift in Sources */ = {isa = PBXBuildFile; fileRef = FD10976225F7477400C015BF /* ViewController.swift */; };
		FD10976625F7477400C015BF /* Main.storyboard in Resources */ = {isa = PBXBuildFile; fileRef = FD10976425F7477400C015BF /* Main.storyboard */; };
		FD10976825F7477600C015BF /* Assets.xcassets in Resources */ = {isa = PBXBuildFile; fileRef = FD10976725F7477600C015BF /* Assets.xcassets */; };
		FD10976B25F7477600C015BF /* LaunchScreen.storyboard in Resources */ = {isa = PBXBuildFile; fileRef = FD10976925F7477600C015BF /* LaunchScreen.storyboard */; };
		FDF69A8325F79338006EBE68 /* ProjectAModule.framework in Frameworks */ = {isa = PBXBuildFile; fileRef = FDF69A8125F79338006EBE68 /* ProjectAModule.framework */; };
		FDF69A8425F79338006EBE68 /* ProjectAModule.framework in Embed Frameworks */ = {isa = PBXBuildFile; fileRef = FDF69A8125F79338006EBE68 /* ProjectAModule.framework */; settings = {ATTRIBUTES = (CodeSignOnCopy, RemoveHeadersOnCopy, ); }; };
		FDF69A8525F79338006EBE68 /* ProjectBModule.framework in Frameworks */ = {isa = PBXBuildFile; fileRef = FDF69A8225F79338006EBE68 /* ProjectBModule.framework */; };
		FDF69A8625F79338006EBE68 /* ProjectBModule.framework in Embed Frameworks */ = {isa = PBXBuildFile; fileRef = FDF69A8225F79338006EBE68 /* ProjectBModule.framework */; settings = {ATTRIBUTES = (CodeSignOnCopy, RemoveHeadersOnCopy, ); }; };
/* End PBXBuildFile section */

/* Begin PBXCopyFilesBuildPhase section */
		FDF69A8725F79338006EBE68 /* Embed Frameworks */ = {
			isa = PBXCopyFilesBuildPhase;
			buildActionMask = 2147483647;
			dstPath = "";
			dstSubfolderSpec = 10;
			files = (
				FDF69A8425F79338006EBE68 /* ProjectAModule.framework in Embed Frameworks */,
				FDF69A8625F79338006EBE68 /* ProjectBModule.framework in Embed Frameworks */,
			);
			name = "Embed Frameworks";
			runOnlyForDeploymentPostprocessing = 0;
		};
/* End PBXCopyFilesBuildPhase section */

/* Begin PBXFileReference section */
		6D5D28C840833B69DB15A07D /* Pods-ProjectH.debug.xcconfig */ = {isa = PBXFileReference; includeInIndex = 1; lastKnownFileType = text.xcconfig; name = "Pods-ProjectH.debug.xcconfig"; path = "Target Support Files/Pods-ProjectH/Pods-ProjectH.debug.xcconfig"; sourceTree = "<group>"; };
		72B2467C168FED9967A1C6A3 /* Pods-ProjectH.release.xcconfig */ = {isa = PBXFileReference; includeInIndex = 1; lastKnownFileType = text.xcconfig; name = "Pods-ProjectH.release.xcconfig"; path = "Target Support Files/Pods-ProjectH/Pods-ProjectH.release.xcconfig"; sourceTree = "<group>"; };
		D2507ACA5EDE01020DB8079C /* Pods_ProjectH.framework */ = {isa = PBXFileReference; explicitFileType = wrapper.framework; includeInIndex = 0; path = Pods_ProjectH.framework; sourceTree = BUILT_PRODUCTS_DIR; };
		FD10975B25F7477400C015BF /* ProjectH.app */ = {isa = PBXFileReference; explicitFileType = wrapper.application; includeInIndex = 0; path = ProjectH.app; sourceTree = BUILT_PRODUCTS_DIR; };
		FD10975E25F7477400C015BF /* AppDelegate.swift */ = {isa = PBXFileReference; lastKnownFileType = sourcecode.swift; path = AppDelegate.swift; sourceTree = "<group>"; };
		FD10976225F7477400C015BF /* ViewController.swift */ = {isa = PBXFileReference; lastKnownFileType = sourcecode.swift; path = ViewController.swift; sourceTree = "<group>"; };
		FD10976525F7477400C015BF /* Base */ = {isa = PBXFileReference; lastKnownFileType = file.storyboard; name = Base; path = Base.lproj/Main.storyboard; sourceTree = "<group>"; };
		FD10976725F7477600C015BF /* Assets.xcassets */ = {isa = PBXFileReference; lastKnownFileType = folder.assetcatalog; path = Assets.xcassets; sourceTree = "<group>"; };
		FD10976A25F7477600C015BF /* Base */ = {isa = PBXFileReference; lastKnownFileType = file.storyboard; name = Base; path = Base.lproj/LaunchScreen.storyboard; sourceTree = "<group>"; };
		FD10976C25F7477600C015BF /* Info.plist */ = {isa = PBXFileReference; lastKnownFileType = text.plist.xml; path = Info.plist; sourceTree = "<group>"; };
		FDF69A8125F79338006EBE68 /* ProjectAModule.framework */ = {isa = PBXFileReference; explicitFileType = wrapper.framework; path = ProjectAModule.framework; sourceTree = BUILT_PRODUCTS_DIR; };
		FDF69A8225F79338006EBE68 /* ProjectBModule.framework */ = {isa = PBXFileReference; explicitFileType = wrapper.framework; path = ProjectBModule.framework; sourceTree = BUILT_PRODUCTS_DIR; };
/* End PBXFileReference section */

/* Begin PBXFrameworksBuildPhase section */
		FD10975825F7477400C015BF /* Frameworks */ = {
			isa = PBXFrameworksBuildPhase;
			buildActionMask = 2147483647;
			files = (
				FDF69A8325F79338006EBE68 /* ProjectAModule.framework in Frameworks */,
				FDF69A8525F79338006EBE68 /* ProjectBModule.framework in Frameworks */,
				4239AA049346FAE12C90C217 /* Pods_ProjectH.framework in Frameworks */,
			);
			runOnlyForDeploymentPostprocessing = 0;
		};
/* End PBXFrameworksBuildPhase section */

/* Begin PBXGroup section */
		74E1DD7ECA19247505C897F8 /* Frameworks */ = {
			isa = PBXGroup;
			children = (
				FDF69A8125F79338006EBE68 /* ProjectAModule.framework */,
				FDF69A8225F79338006EBE68 /* ProjectBModule.framework */,
				D2507ACA5EDE01020DB8079C /* Pods_ProjectH.framework */,
			);
			name = Frameworks;
			sourceTree = "<group>";
		};
		F8475CD9E1DD72E706EB8AE3 /* Pods */ = {
			isa = PBXGroup;
			children = (
				6D5D28C840833B69DB15A07D /* Pods-ProjectH.debug.xcconfig */,
				72B2467C168FED9967A1C6A3 /* Pods-ProjectH.release.xcconfig */,
			);
			path = Pods;
			sourceTree = "<group>";
		};
		FD10975225F7477400C015BF = {
			isa = PBXGroup;
			children = (
				FD10975D25F7477400C015BF /* ProjectH */,
				FD10975C25F7477400C015BF /* Products */,
				F8475CD9E1DD72E706EB8AE3 /* Pods */,
				74E1DD7ECA19247505C897F8 /* Frameworks */,
			);
			sourceTree = "<group>";
		};
		FD10975C25F7477400C015BF /* Products */ = {
			isa = PBXGroup;
			children = (
				FD10975B25F7477400C015BF /* ProjectH.app */,
			);
			name = Products;
			sourceTree = "<group>";
		};
		FD10975D25F7477400C015BF /* ProjectH */ = {
			isa = PBXGroup;
			children = (
				FD10975E25F7477400C015BF /* AppDelegate.swift */,
				FD10976225F7477400C015BF /* ViewController.swift */,
				FD10976425F7477400C015BF /* Main.storyboard */,
				FD10976725F7477600C015BF /* Assets.xcassets */,
				FD10976925F7477600C015BF /* LaunchScreen.storyboard */,
				FD10976C25F7477600C015BF /* Info.plist */,
			);
			path = ProjectH;
			sourceTree = "<group>";
		};
/* End PBXGroup section */

/* Begin PBXNativeTarget section */
		FD10975A25F7477400C015BF /* ProjectH */ = {
			isa = PBXNativeTarget;
			buildConfigurationList = FD10976F25F7477600C015BF /* Build configuration list for PBXNativeTarget "ProjectH" */;
			buildPhases = (
				8167746C55373828DE63DAC7 /* [CP] Check Pods Manifest.lock */,
				FD10975725F7477400C015BF /* Sources */,
				FD10975825F7477400C015BF /* Frameworks */,
				FD10975925F7477400C015BF /* Resources */,
				1C7CA3080AFE46E659731479 /* [CP] Embed Pods Frameworks */,
				FDF69A8725F79338006EBE68 /* Embed Frameworks */,
			);
			buildRules = (
			);
			dependencies = (
			);
			name = ProjectH;
			productName = ProjectH;
			productReference = FD10975B25F7477400C015BF /* ProjectH.app */;
			productType = "com.apple.product-type.application";
		};
/* End PBXNativeTarget section */

/* Begin PBXProject section */
		FD10975325F7477400C015BF /* Project object */ = {
			isa = PBXProject;
			attributes = {
				LastSwiftUpdateCheck = 1240;
				LastUpgradeCheck = 1240;
				TargetAttributes = {
					FD10975A25F7477400C015BF = {
						CreatedOnToolsVersion = 12.4;
					};
				};
			};
			buildConfigurationList = FD10975625F7477400C015BF /* Build configuration list for PBXProject "ProjectH" */;
			compatibilityVersion = "Xcode 9.3";
			developmentRegion = en;
			hasScannedForEncodings = 0;
			knownRegions = (
				en,
				Base,
			);
			mainGroup = FD10975225F7477400C015BF;
			productRefGroup = FD10975C25F7477400C015BF /* Products */;
			projectDirPath = "";
			projectRoot = "";
			targets = (
				FD10975A25F7477400C015BF /* ProjectH */,
			);
		};
/* End PBXProject section */

/* Begin PBXResourcesBuildPhase section */
		FD10975925F7477400C015BF /* Resources */ = {
			isa = PBXResourcesBuildPhase;
			buildActionMask = 2147483647;
			files = (
				FD10976B25F7477600C015BF /* LaunchScreen.storyboard in Resources */,
				FD10976825F7477600C015BF /* Assets.xcassets in Resources */,
				FD10976625F7477400C015BF /* Main.storyboard in Resources */,
			);
			runOnlyForDeploymentPostprocessing = 0;
		};
/* End PBXResourcesBuildPhase section */

/* Begin PBXShellScriptBuildPhase section */
		1C7CA3080AFE46E659731479 /* [CP] Embed Pods Frameworks */ = {
			isa = PBXShellScriptBuildPhase;
			buildActionMask = 2147483647;
			files = (
			);
			inputFileListPaths = (
				"${PODS_ROOT}/Target Support Files/Pods-ProjectH/Pods-ProjectH-frameworks-${CONFIGURATION}-input-files.xcfilelist",
			);
			name = "[CP] Embed Pods Frameworks";
			outputFileListPaths = (
				"${PODS_ROOT}/Target Support Files/Pods-ProjectH/Pods-ProjectH-frameworks-${CONFIGURATION}-output-files.xcfilelist",
			);
			runOnlyForDeploymentPostprocessing = 0;
			shellPath = /bin/sh;
			shellScript = "\"${PODS_ROOT}/Target Support Files/Pods-ProjectH/Pods-ProjectH-frameworks.sh\"\n";
			showEnvVarsInLog = 0;
		};
		8167746C55373828DE63DAC7 /* [CP] Check Pods Manifest.lock */ = {
			isa = PBXShellScriptBuildPhase;
			buildActionMask = 2147483647;
			files = (
			);
			inputFileListPaths = (
			);
			inputPaths = (
				"${PODS_PODFILE_DIR_PATH}/Podfile.lock",
				"${PODS_ROOT}/Manifest.lock",
			);
			name = "[CP] Check Pods Manifest.lock";
			outputFileListPaths = (
			);
			outputPaths = (
				"$(DERIVED_FILE_DIR)/Pods-ProjectH-checkManifestLockResult.txt",
			);
			runOnlyForDeploymentPostprocessing = 0;
			shellPath = /bin/sh;
			shellScript = "diff \"${PODS_PODFILE_DIR_PATH}/Podfile.lock\" \"${PODS_ROOT}/Manifest.lock\" > /dev/null\nif [ $? != 0 ] ; then\n    # print error to STDERR\n    echo \"error: The sandbox is not in sync with the Podfile.lock. Run 'pod install' or update your CocoaPods installation.\" >&2\n    exit 1\nfi\n# This output is used by Xcode 'outputs' to avoid re-running this script phase.\necho \"SUCCESS\" > \"${SCRIPT_OUTPUT_FILE_0}\"\n";
			showEnvVarsInLog = 0;
		};
/* End PBXShellScriptBuildPhase section */

/* Begin PBXSourcesBuildPhase section */
		FD10975725F7477400C015BF /* Sources */ = {
			isa = PBXSourcesBuildPhase;
			buildActionMask = 2147483647;
			files = (
				FD10976325F7477400C015BF /* ViewController.swift in Sources */,
				FD10975F25F7477400C015BF /* AppDelegate.swift in Sources */,
			);
			runOnlyForDeploymentPostprocessing = 0;
		};
/* End PBXSourcesBuildPhase section */

/* Begin PBXVariantGroup section */
		FD10976425F7477400C015BF /* Main.storyboard */ = {
			isa = PBXVariantGroup;
			children = (
				FD10976525F7477400C015BF /* Base */,
			);
			name = Main.storyboard;
			sourceTree = "<group>";
		};
		FD10976925F7477600C015BF /* LaunchScreen.storyboard */ = {
			isa = PBXVariantGroup;
			children = (
				FD10976A25F7477600C015BF /* Base */,
			);
			name = LaunchScreen.storyboard;
			sourceTree = "<group>";
		};
/* End PBXVariantGroup section */

/* Begin XCBuildConfiguration section */
		FD10976D25F7477600C015BF /* Debug */ = {
			isa = XCBuildConfiguration;
			buildSettings = {
				ALWAYS_SEARCH_USER_PATHS = NO;
				CLANG_ANALYZER_NONNULL = YES;
				CLANG_ANALYZER_NUMBER_OBJECT_CONVERSION = YES_AGGRESSIVE;
				CLANG_CXX_LANGUAGE_STANDARD = "gnu++14";
				CLANG_CXX_LIBRARY = "libc++";
				CLANG_ENABLE_MODULES = YES;
				CLANG_ENABLE_OBJC_ARC = YES;
				CLANG_ENABLE_OBJC_WEAK = YES;
				CLANG_WARN_BLOCK_CAPTURE_AUTORELEASING = YES;
				CLANG_WARN_BOOL_CONVERSION = YES;
				CLANG_WARN_COMMA = YES;
				CLANG_WARN_CONSTANT_CONVERSION = YES;
				CLANG_WARN_DEPRECATED_OBJC_IMPLEMENTATIONS = YES;
				CLANG_WARN_DIRECT_OBJC_ISA_USAGE = YES_ERROR;
				CLANG_WARN_DOCUMENTATION_COMMENTS = YES;
				CLANG_WARN_EMPTY_BODY = YES;
				CLANG_WARN_ENUM_CONVERSION = YES;
				CLANG_WARN_INFINITE_RECURSION = YES;
				CLANG_WARN_INT_CONVERSION = YES;
				CLANG_WARN_NON_LITERAL_NULL_CONVERSION = YES;
				CLANG_WARN_OBJC_IMPLICIT_RETAIN_SELF = YES;
				CLANG_WARN_OBJC_LITERAL_CONVERSION = YES;
				CLANG_WARN_OBJC_ROOT_CLASS = YES_ERROR;
				CLANG_WARN_QUOTED_INCLUDE_IN_FRAMEWORK_HEADER = YES;
				CLANG_WARN_RANGE_LOOP_ANALYSIS = YES;
				CLANG_WARN_STRICT_PROTOTYPES = YES;
				CLANG_WARN_SUSPICIOUS_MOVE = YES;
				CLANG_WARN_UNGUARDED_AVAILABILITY = YES_AGGRESSIVE;
				CLANG_WARN_UNREACHABLE_CODE = YES;
				CLANG_WARN__DUPLICATE_METHOD_MATCH = YES;
				COPY_PHASE_STRIP = NO;
				DEBUG_INFORMATION_FORMAT = dwarf;
				ENABLE_STRICT_OBJC_MSGSEND = YES;
				ENABLE_TESTABILITY = YES;
				GCC_C_LANGUAGE_STANDARD = gnu11;
				GCC_DYNAMIC_NO_PIC = NO;
				GCC_NO_COMMON_BLOCKS = YES;
				GCC_OPTIMIZATION_LEVEL = 0;
				GCC_PREPROCESSOR_DEFINITIONS = (
					"DEBUG=1",
					"$(inherited)",
				);
				GCC_WARN_64_TO_32_BIT_CONVERSION = YES;
				GCC_WARN_ABOUT_RETURN_TYPE = YES_ERROR;
				GCC_WARN_UNDECLARED_SELECTOR = YES;
				GCC_WARN_UNINITIALIZED_AUTOS = YES_AGGRESSIVE;
				GCC_WARN_UNUSED_FUNCTION = YES;
				GCC_WARN_UNUSED_VARIABLE = YES;
				IPHONEOS_DEPLOYMENT_TARGET = 12.3;
				MTL_ENABLE_DEBUG_INFO = INCLUDE_SOURCE;
				MTL_FAST_MATH = YES;
				ONLY_ACTIVE_ARCH = YES;
				SDKROOT = iphoneos;
				SWIFT_ACTIVE_COMPILATION_CONDITIONS = DEBUG;
				SWIFT_OPTIMIZATION_LEVEL = "-Onone";
			};
			name = Debug;
		};
		FD10976E25F7477600C015BF /* Release */ = {
			isa = XCBuildConfiguration;
			buildSettings = {
				ALWAYS_SEARCH_USER_PATHS = NO;
				CLANG_ANALYZER_NONNULL = YES;
				CLANG_ANALYZER_NUMBER_OBJECT_CONVERSION = YES_AGGRESSIVE;
				CLANG_CXX_LANGUAGE_STANDARD = "gnu++14";
				CLANG_CXX_LIBRARY = "libc++";
				CLANG_ENABLE_MODULES = YES;
				CLANG_ENABLE_OBJC_ARC = YES;
				CLANG_ENABLE_OBJC_WEAK = YES;
				CLANG_WARN_BLOCK_CAPTURE_AUTORELEASING = YES;
				CLANG_WARN_BOOL_CONVERSION = YES;
				CLANG_WARN_COMMA = YES;
				CLANG_WARN_CONSTANT_CONVERSION = YES;
				CLANG_WARN_DEPRECATED_OBJC_IMPLEMENTATIONS = YES;
				CLANG_WARN_DIRECT_OBJC_ISA_USAGE = YES_ERROR;
				CLANG_WARN_DOCUMENTATION_COMMENTS = YES;
				CLANG_WARN_EMPTY_BODY = YES;
				CLANG_WARN_ENUM_CONVERSION = YES;
				CLANG_WARN_INFINITE_RECURSION = YES;
				CLANG_WARN_INT_CONVERSION = YES;
				CLANG_WARN_NON_LITERAL_NULL_CONVERSION = YES;
				CLANG_WARN_OBJC_IMPLICIT_RETAIN_SELF = YES;
				CLANG_WARN_OBJC_LITERAL_CONVERSION = YES;
				CLANG_WARN_OBJC_ROOT_CLASS = YES_ERROR;
				CLANG_WARN_QUOTED_INCLUDE_IN_FRAMEWORK_HEADER = YES;
				CLANG_WARN_RANGE_LOOP_ANALYSIS = YES;
				CLANG_WARN_STRICT_PROTOTYPES = YES;
				CLANG_WARN_SUSPICIOUS_MOVE = YES;
				CLANG_WARN_UNGUARDED_AVAILABILITY = YES_AGGRESSIVE;
				CLANG_WARN_UNREACHABLE_CODE = YES;
				CLANG_WARN__DUPLICATE_METHOD_MATCH = YES;
				COPY_PHASE_STRIP = NO;
				DEBUG_INFORMATION_FORMAT = "dwarf-with-dsym";
				ENABLE_NS_ASSERTIONS = NO;
				ENABLE_STRICT_OBJC_MSGSEND = YES;
				GCC_C_LANGUAGE_STANDARD = gnu11;
				GCC_NO_COMMON_BLOCKS = YES;
				GCC_WARN_64_TO_32_BIT_CONVERSION = YES;
				GCC_WARN_ABOUT_RETURN_TYPE = YES_ERROR;
				GCC_WARN_UNDECLARED_SELECTOR = YES;
				GCC_WARN_UNINITIALIZED_AUTOS = YES_AGGRESSIVE;
				GCC_WARN_UNUSED_FUNCTION = YES;
				GCC_WARN_UNUSED_VARIABLE = YES;
				IPHONEOS_DEPLOYMENT_TARGET = 12.3;
				MTL_ENABLE_DEBUG_INFO = NO;
				MTL_FAST_MATH = YES;
				SDKROOT = iphoneos;
				SWIFT_COMPILATION_MODE = wholemodule;
				SWIFT_OPTIMIZATION_LEVEL = "-O";
				VALIDATE_PRODUCT = YES;
			};
			name = Release;
		};
		FD10977025F7477600C015BF /* Debug */ = {
			isa = XCBuildConfiguration;
			baseConfigurationReference = 6D5D28C840833B69DB15A07D /* Pods-ProjectH.debug.xcconfig */;
			buildSettings = {
				ASSETCATALOG_COMPILER_APPICON_NAME = AppIcon;
				ASSETCATALOG_COMPILER_GLOBAL_ACCENT_COLOR_NAME = AccentColor;
				CODE_SIGN_STYLE = Automatic;
				DEVELOPMENT_TEAM = RH4ADBYDUN;
				INFOPLIST_FILE = ProjectH/Info.plist;
				IPHONEOS_DEPLOYMENT_TARGET = 12.3;
				LD_RUNPATH_SEARCH_PATHS = (
					"$(inherited)",
					"@executable_path/Frameworks",
				);
				PRODUCT_BUNDLE_IDENTIFIER = test.ProjectH;
				PRODUCT_NAME = "$(TARGET_NAME)";
				SWIFT_VERSION = 5.0;
				TARGETED_DEVICE_FAMILY = "1,2";
			};
			name = Debug;
		};
		FD10977125F7477600C015BF /* Release */ = {
			isa = XCBuildConfiguration;
			baseConfigurationReference = 72B2467C168FED9967A1C6A3 /* Pods-ProjectH.release.xcconfig */;
			buildSettings = {
				ASSETCATALOG_COMPILER_APPICON_NAME = AppIcon;
				ASSETCATALOG_COMPILER_GLOBAL_ACCENT_COLOR_NAME = AccentColor;
				CODE_SIGN_STYLE = Automatic;
				DEVELOPMENT_TEAM = RH4ADBYDUN;
				INFOPLIST_FILE = ProjectH/Info.plist;
				IPHONEOS_DEPLOYMENT_TARGET = 12.3;
				LD_RUNPATH_SEARCH_PATHS = (
					"$(inherited)",
					"@executable_path/Frameworks",
				);
				PRODUCT_BUNDLE_IDENTIFIER = test.ProjectH;
				PRODUCT_NAME = "$(TARGET_NAME)";
				SWIFT_VERSION = 5.0;
				TARGETED_DEVICE_FAMILY = "1,2";
			};
			name = Release;
		};
/* End XCBuildConfiguration section */

/* Begin XCConfigurationList section */
		FD10975625F7477400C015BF /* Build configuration list for PBXProject "ProjectH" */ = {
			isa = XCConfigurationList;
			buildConfigurations = (
				FD10976D25F7477600C015BF /* Debug */,
				FD10976E25F7477600C015BF /* Release */,
			);
			defaultConfigurationIsVisible = 0;
			defaultConfigurationName = Release;
		};
		FD10976F25F7477600C015BF /* Build configuration list for PBXNativeTarget "ProjectH" */ = {
			isa = XCConfigurationList;
			buildConfigurations = (
				FD10977025F7477600C015BF /* Debug */,
				FD10977125F7477600C015BF /* Release */,
			);
			defaultConfigurationIsVisible = 0;
			defaultConfigurationName = Release;
		};
/* End XCConfigurationList section */
	};
	rootObject = FD10975325F7477400C015BF /* Project object */;
}
